// !$*UTF8*$!
{
	archiveVersion = 1;
	classes = {
	};
	objectVersion = 52;
	objects = {

/* Begin PBXBuildFile section */
		7A0F65122537580E00475FCE /* Main.storyboard in Resources */ = {isa = PBXBuildFile; fileRef = 7A0F65112537580D00475FCE /* Main.storyboard */; };
		7A92BA0C25D99B170077E4DD /* dummyImage.png in Resources */ = {isa = PBXBuildFile; fileRef = 7A92BA0B25D99B170077E4DD /* dummyImage.png */; };
		7AA064D82555677400EDCFBD /* LoginScreenViewController.swift in Sources */ = {isa = PBXBuildFile; fileRef = 7AA064D72555677400EDCFBD /* LoginScreenViewController.swift */; };
		7AA064DC255583B700EDCFBD /* LoginCredentials.swift in Sources */ = {isa = PBXBuildFile; fileRef = 7AA064DB255583B700EDCFBD /* LoginCredentials.swift */; };
		E70CAE0D2501127E00D5A8B9 /* AppDelegate.swift in Sources */ = {isa = PBXBuildFile; fileRef = E70CAE0C2501127E00D5A8B9 /* AppDelegate.swift */; };
		E70CAE0F2501127E00D5A8B9 /* SceneDelegate.swift in Sources */ = {isa = PBXBuildFile; fileRef = E70CAE0E2501127E00D5A8B9 /* SceneDelegate.swift */; };
		E70CAE112501127E00D5A8B9 /* NewCalculationViewController.swift in Sources */ = {isa = PBXBuildFile; fileRef = E70CAE102501127E00D5A8B9 /* NewCalculationViewController.swift */; };
		E70CAE172501127E00D5A8B9 /* ThordonApp.xcdatamodeld in Sources */ = {isa = PBXBuildFile; fileRef = E70CAE152501127E00D5A8B9 /* ThordonApp.xcdatamodeld */; };
		E70CAE192501128100D5A8B9 /* Assets.xcassets in Resources */ = {isa = PBXBuildFile; fileRef = E70CAE182501128100D5A8B9 /* Assets.xcassets */; };
		E70CAE1C2501128100D5A8B9 /* LaunchScreen.storyboard in Resources */ = {isa = PBXBuildFile; fileRef = E70CAE1A2501128100D5A8B9 /* LaunchScreen.storyboard */; };
		E74AC55C2516175C00F280FD /* Socket in Frameworks */ = {isa = PBXBuildFile; productRef = E74AC55B2516175C00F280FD /* Socket */; };
		E74B8EF7250252AB00B847CA /* CoreDataManager.swift in Sources */ = {isa = PBXBuildFile; fileRef = E74B8EF6250252AB00B847CA /* CoreDataManager.swift */; };
		E74B8F01250298A000B847CA /* GeneralInformationViewController.swift in Sources */ = {isa = PBXBuildFile; fileRef = E74B8F00250298A000B847CA /* GeneralInformationViewController.swift */; };
		E76FC7662505A4320074A7C2 /* ResultsViewController.swift in Sources */ = {isa = PBXBuildFile; fileRef = E76FC7652505A4320074A7C2 /* ResultsViewController.swift */; };
		E79033E4250981C5000D72CE /* PDFViewController.swift in Sources */ = {isa = PBXBuildFile; fileRef = E79033E3250981C5000D72CE /* PDFViewController.swift */; };
		E79033E6250A2BAD000D72CE /* results.pdf in Resources */ = {isa = PBXBuildFile; fileRef = E79033E5250A2BAC000D72CE /* results.pdf */; };
		E7B8922B252CBDF900EE03DE /* NetworkManager.swift in Sources */ = {isa = PBXBuildFile; fileRef = E7B8922A252CBDF900EE03DE /* NetworkManager.swift */; };
/* End PBXBuildFile section */

/* Begin PBXFileReference section */
		7A0F65112537580D00475FCE /* Main.storyboard */ = {isa = PBXFileReference; fileEncoding = 4; lastKnownFileType = file.storyboard; path = Main.storyboard; sourceTree = "<group>"; };
		7A92BA0B25D99B170077E4DD /* dummyImage.png */ = {isa = PBXFileReference; lastKnownFileType = image.png; path = dummyImage.png; sourceTree = "<group>"; };
		7AA064D72555677400EDCFBD /* LoginScreenViewController.swift */ = {isa = PBXFileReference; lastKnownFileType = sourcecode.swift; path = LoginScreenViewController.swift; sourceTree = "<group>"; };
		7AA064DB255583B700EDCFBD /* LoginCredentials.swift */ = {isa = PBXFileReference; lastKnownFileType = sourcecode.swift; path = LoginCredentials.swift; sourceTree = "<group>"; };
		E70CAE092501127E00D5A8B9 /* ThordonApp.app */ = {isa = PBXFileReference; explicitFileType = wrapper.application; includeInIndex = 0; path = ThordonApp.app; sourceTree = BUILT_PRODUCTS_DIR; };
		E70CAE0C2501127E00D5A8B9 /* AppDelegate.swift */ = {isa = PBXFileReference; lastKnownFileType = sourcecode.swift; path = AppDelegate.swift; sourceTree = "<group>"; };
		E70CAE0E2501127E00D5A8B9 /* SceneDelegate.swift */ = {isa = PBXFileReference; lastKnownFileType = sourcecode.swift; path = SceneDelegate.swift; sourceTree = "<group>"; };
		E70CAE102501127E00D5A8B9 /* NewCalculationViewController.swift */ = {isa = PBXFileReference; lastKnownFileType = sourcecode.swift; path = NewCalculationViewController.swift; sourceTree = "<group>"; };
		E70CAE162501127E00D5A8B9 /* ThordonApp.xcdatamodel */ = {isa = PBXFileReference; lastKnownFileType = wrapper.xcdatamodel; path = ThordonApp.xcdatamodel; sourceTree = "<group>"; };
		E70CAE182501128100D5A8B9 /* Assets.xcassets */ = {isa = PBXFileReference; lastKnownFileType = folder.assetcatalog; path = Assets.xcassets; sourceTree = "<group>"; };
		E70CAE1B2501128100D5A8B9 /* Base */ = {isa = PBXFileReference; lastKnownFileType = file.storyboard; name = Base; path = Base.lproj/LaunchScreen.storyboard; sourceTree = "<group>"; };
		E70CAE1D2501128100D5A8B9 /* Info.plist */ = {isa = PBXFileReference; lastKnownFileType = text.plist.xml; path = Info.plist; sourceTree = "<group>"; };
		E74B8EF6250252AB00B847CA /* CoreDataManager.swift */ = {isa = PBXFileReference; lastKnownFileType = sourcecode.swift; path = CoreDataManager.swift; sourceTree = "<group>"; };
		E74B8F00250298A000B847CA /* GeneralInformationViewController.swift */ = {isa = PBXFileReference; lastKnownFileType = sourcecode.swift; path = GeneralInformationViewController.swift; sourceTree = "<group>"; };
		E76FC7652505A4320074A7C2 /* ResultsViewController.swift */ = {isa = PBXFileReference; lastKnownFileType = sourcecode.swift; path = ResultsViewController.swift; sourceTree = "<group>"; };
		E79033E3250981C5000D72CE /* PDFViewController.swift */ = {isa = PBXFileReference; lastKnownFileType = sourcecode.swift; path = PDFViewController.swift; sourceTree = "<group>"; };
		E79033E5250A2BAC000D72CE /* results.pdf */ = {isa = PBXFileReference; lastKnownFileType = image.pdf; path = results.pdf; sourceTree = "<group>"; };
		E7B8922A252CBDF900EE03DE /* NetworkManager.swift */ = {isa = PBXFileReference; lastKnownFileType = sourcecode.swift; path = NetworkManager.swift; sourceTree = "<group>"; };
/* End PBXFileReference section */

/* Begin PBXFrameworksBuildPhase section */
		E70CAE062501127E00D5A8B9 /* Frameworks */ = {
			isa = PBXFrameworksBuildPhase;
			buildActionMask = 2147483647;
			files = (
				E74AC55C2516175C00F280FD /* Socket in Frameworks */,
			);
			runOnlyForDeploymentPostprocessing = 0;
		};
/* End PBXFrameworksBuildPhase section */

/* Begin PBXGroup section */
		E70CAE002501127E00D5A8B9 = {
			isa = PBXGroup;
			children = (
				7A92BA0B25D99B170077E4DD /* dummyImage.png */,
				E79033E5250A2BAC000D72CE /* results.pdf */,
				E70CAE0B2501127E00D5A8B9 /* ThordonApp */,
				E70CAE0A2501127E00D5A8B9 /* Products */,
			);
			sourceTree = "<group>";
		};
		E70CAE0A2501127E00D5A8B9 /* Products */ = {
			isa = PBXGroup;
			children = (
				E70CAE092501127E00D5A8B9 /* ThordonApp.app */,
			);
			name = Products;
			sourceTree = "<group>";
		};
		E70CAE0B2501127E00D5A8B9 /* ThordonApp */ = {
			isa = PBXGroup;
			children = (
				E74B8EF52502520600B847CA /* Core Data Manager */,
				E74B8F02250298B500B847CA /* ViewControllers */,
				E70CAE0C2501127E00D5A8B9 /* AppDelegate.swift */,
				E70CAE0E2501127E00D5A8B9 /* SceneDelegate.swift */,
				E7B8922A252CBDF900EE03DE /* NetworkManager.swift */,
				E70CAE182501128100D5A8B9 /* Assets.xcassets */,
				7A0F65112537580D00475FCE /* Main.storyboard */,
				E70CAE1A2501128100D5A8B9 /* LaunchScreen.storyboard */,
				E70CAE1D2501128100D5A8B9 /* Info.plist */,
			);
			path = ThordonApp;
			sourceTree = "<group>";
		};
		E74B8EF52502520600B847CA /* Core Data Manager */ = {
			isa = PBXGroup;
			children = (
				E74B8EF6250252AB00B847CA /* CoreDataManager.swift */,
				E70CAE152501127E00D5A8B9 /* ThordonApp.xcdatamodeld */,
			);
			path = "Core Data Manager";
			sourceTree = "<group>";
		};
		E74B8F02250298B500B847CA /* ViewControllers */ = {
			isa = PBXGroup;
			children = (
				7AA064D72555677400EDCFBD /* LoginScreenViewController.swift */,
				7AA064DB255583B700EDCFBD /* LoginCredentials.swift */,
				E70CAE102501127E00D5A8B9 /* NewCalculationViewController.swift */,
				E76FC7652505A4320074A7C2 /* ResultsViewController.swift */,
				E79033E3250981C5000D72CE /* PDFViewController.swift */,
				E74B8F00250298A000B847CA /* GeneralInformationViewController.swift */,
			);
			path = ViewControllers;
			sourceTree = "<group>";
		};
/* End PBXGroup section */

/* Begin PBXNativeTarget section */
		E70CAE082501127E00D5A8B9 /* ThordonApp */ = {
			isa = PBXNativeTarget;
			buildConfigurationList = E70CAE202501128100D5A8B9 /* Build configuration list for PBXNativeTarget "ThordonApp" */;
			buildPhases = (
				E70CAE052501127E00D5A8B9 /* Sources */,
				E70CAE062501127E00D5A8B9 /* Frameworks */,
				E70CAE072501127E00D5A8B9 /* Resources */,
			);
			buildRules = (
			);
			dependencies = (
			);
			name = ThordonApp;
			packageProductDependencies = (
				E74AC55B2516175C00F280FD /* Socket */,
			);
			productName = ThordonApp;
			productReference = E70CAE092501127E00D5A8B9 /* ThordonApp.app */;
			productType = "com.apple.product-type.application";
		};
/* End PBXNativeTarget section */

/* Begin PBXProject section */
		E70CAE012501127E00D5A8B9 /* Project object */ = {
			isa = PBXProject;
			attributes = {
				LastSwiftUpdateCheck = 1160;
				LastUpgradeCheck = 1240;
				ORGANIZATIONNAME = "Kacper Młodkowski";
				TargetAttributes = {
					E70CAE082501127E00D5A8B9 = {
						CreatedOnToolsVersion = 11.6;
					};
				};
			};
			buildConfigurationList = E70CAE042501127E00D5A8B9 /* Build configuration list for PBXProject "ThordonApp" */;
			compatibilityVersion = "Xcode 9.3";
			developmentRegion = en;
			hasScannedForEncodings = 0;
			knownRegions = (
				en,
				Base,
			);
			mainGroup = E70CAE002501127E00D5A8B9;
			packageReferences = (
				E74AC55A2516175C00F280FD /* XCRemoteSwiftPackageReference "BlueSocket" */,
			);
			productRefGroup = E70CAE0A2501127E00D5A8B9 /* Products */;
			projectDirPath = "";
			projectRoot = "";
			targets = (
				E70CAE082501127E00D5A8B9 /* ThordonApp */,
			);
		};
/* End PBXProject section */

/* Begin PBXResourcesBuildPhase section */
		E70CAE072501127E00D5A8B9 /* Resources */ = {
			isa = PBXResourcesBuildPhase;
			buildActionMask = 2147483647;
			files = (
				E79033E6250A2BAD000D72CE /* results.pdf in Resources */,
				7A0F65122537580E00475FCE /* Main.storyboard in Resources */,
				E70CAE1C2501128100D5A8B9 /* LaunchScreen.storyboard in Resources */,
				E70CAE192501128100D5A8B9 /* Assets.xcassets in Resources */,
				7A92BA0C25D99B170077E4DD /* dummyImage.png in Resources */,
			);
			runOnlyForDeploymentPostprocessing = 0;
		};
/* End PBXResourcesBuildPhase section */

/* Begin PBXSourcesBuildPhase section */
		E70CAE052501127E00D5A8B9 /* Sources */ = {
			isa = PBXSourcesBuildPhase;
			buildActionMask = 2147483647;
			files = (
				E70CAE112501127E00D5A8B9 /* NewCalculationViewController.swift in Sources */,
				E74B8F01250298A000B847CA /* GeneralInformationViewController.swift in Sources */,
				E70CAE0D2501127E00D5A8B9 /* AppDelegate.swift in Sources */,
				E79033E4250981C5000D72CE /* PDFViewController.swift in Sources */,
				E76FC7662505A4320074A7C2 /* ResultsViewController.swift in Sources */,
				E70CAE172501127E00D5A8B9 /* ThordonApp.xcdatamodeld in Sources */,
				E70CAE0F2501127E00D5A8B9 /* SceneDelegate.swift in Sources */,
				E7B8922B252CBDF900EE03DE /* NetworkManager.swift in Sources */,
				7AA064D82555677400EDCFBD /* LoginScreenViewController.swift in Sources */,
				7AA064DC255583B700EDCFBD /* LoginCredentials.swift in Sources */,
				E74B8EF7250252AB00B847CA /* CoreDataManager.swift in Sources */,
			);
			runOnlyForDeploymentPostprocessing = 0;
		};
/* End PBXSourcesBuildPhase section */

/* Begin PBXVariantGroup section */
		E70CAE1A2501128100D5A8B9 /* LaunchScreen.storyboard */ = {
			isa = PBXVariantGroup;
			children = (
				E70CAE1B2501128100D5A8B9 /* Base */,
			);
			name = LaunchScreen.storyboard;
			sourceTree = "<group>";
		};
/* End PBXVariantGroup section */

/* Begin XCBuildConfiguration section */
		E70CAE1E2501128100D5A8B9 /* Debug */ = {
			isa = XCBuildConfiguration;
			buildSettings = {
				ALWAYS_SEARCH_USER_PATHS = NO;
				CLANG_ANALYZER_NONNULL = YES;
				CLANG_ANALYZER_NUMBER_OBJECT_CONVERSION = YES_AGGRESSIVE;
				CLANG_CXX_LANGUAGE_STANDARD = "gnu++14";
				CLANG_CXX_LIBRARY = "libc++";
				CLANG_ENABLE_MODULES = YES;
				CLANG_ENABLE_OBJC_ARC = YES;
				CLANG_ENABLE_OBJC_WEAK = YES;
				CLANG_WARN_BLOCK_CAPTURE_AUTORELEASING = YES;
				CLANG_WARN_BOOL_CONVERSION = YES;
				CLANG_WARN_COMMA = YES;
				CLANG_WARN_CONSTANT_CONVERSION = YES;
				CLANG_WARN_DEPRECATED_OBJC_IMPLEMENTATIONS = YES;
				CLANG_WARN_DIRECT_OBJC_ISA_USAGE = YES_ERROR;
				CLANG_WARN_DOCUMENTATION_COMMENTS = YES;
				CLANG_WARN_EMPTY_BODY = YES;
				CLANG_WARN_ENUM_CONVERSION = YES;
				CLANG_WARN_INFINITE_RECURSION = YES;
				CLANG_WARN_INT_CONVERSION = YES;
				CLANG_WARN_NON_LITERAL_NULL_CONVERSION = YES;
				CLANG_WARN_OBJC_IMPLICIT_RETAIN_SELF = YES;
				CLANG_WARN_OBJC_LITERAL_CONVERSION = YES;
				CLANG_WARN_OBJC_ROOT_CLASS = YES_ERROR;
				CLANG_WARN_QUOTED_INCLUDE_IN_FRAMEWORK_HEADER = YES;
				CLANG_WARN_RANGE_LOOP_ANALYSIS = YES;
				CLANG_WARN_STRICT_PROTOTYPES = YES;
				CLANG_WARN_SUSPICIOUS_MOVE = YES;
				CLANG_WARN_UNGUARDED_AVAILABILITY = YES_AGGRESSIVE;
				CLANG_WARN_UNREACHABLE_CODE = YES;
				CLANG_WARN__DUPLICATE_METHOD_MATCH = YES;
				COPY_PHASE_STRIP = NO;
				DEBUG_INFORMATION_FORMAT = dwarf;
				ENABLE_STRICT_OBJC_MSGSEND = YES;
				ENABLE_TESTABILITY = YES;
				GCC_C_LANGUAGE_STANDARD = gnu11;
				GCC_DYNAMIC_NO_PIC = NO;
				GCC_NO_COMMON_BLOCKS = YES;
				GCC_OPTIMIZATION_LEVEL = 0;
				GCC_PREPROCESSOR_DEFINITIONS = (
					"DEBUG=1",
					"$(inherited)",
				);
				GCC_WARN_64_TO_32_BIT_CONVERSION = YES;
				GCC_WARN_ABOUT_RETURN_TYPE = YES_ERROR;
				GCC_WARN_UNDECLARED_SELECTOR = YES;
				GCC_WARN_UNINITIALIZED_AUTOS = YES_AGGRESSIVE;
				GCC_WARN_UNUSED_FUNCTION = YES;
				GCC_WARN_UNUSED_VARIABLE = YES;
				IPHONEOS_DEPLOYMENT_TARGET = 13.6;
				MTL_ENABLE_DEBUG_INFO = INCLUDE_SOURCE;
				MTL_FAST_MATH = YES;
				ONLY_ACTIVE_ARCH = YES;
				SDKROOT = iphoneos;
				SWIFT_ACTIVE_COMPILATION_CONDITIONS = DEBUG;
				SWIFT_OPTIMIZATION_LEVEL = "-Onone";
			};
			name = Debug;
		};
		E70CAE1F2501128100D5A8B9 /* Release */ = {
			isa = XCBuildConfiguration;
			buildSettings = {
				ALWAYS_SEARCH_USER_PATHS = NO;
				CLANG_ANALYZER_NONNULL = YES;
				CLANG_ANALYZER_NUMBER_OBJECT_CONVERSION = YES_AGGRESSIVE;
				CLANG_CXX_LANGUAGE_STANDARD = "gnu++14";
				CLANG_CXX_LIBRARY = "libc++";
				CLANG_ENABLE_MODULES = YES;
				CLANG_ENABLE_OBJC_ARC = YES;
				CLANG_ENABLE_OBJC_WEAK = YES;
				CLANG_WARN_BLOCK_CAPTURE_AUTORELEASING = YES;
				CLANG_WARN_BOOL_CONVERSION = YES;
				CLANG_WARN_COMMA = YES;
				CLANG_WARN_CONSTANT_CONVERSION = YES;
				CLANG_WARN_DEPRECATED_OBJC_IMPLEMENTATIONS = YES;
				CLANG_WARN_DIRECT_OBJC_ISA_USAGE = YES_ERROR;
				CLANG_WARN_DOCUMENTATION_COMMENTS = YES;
				CLANG_WARN_EMPTY_BODY = YES;
				CLANG_WARN_ENUM_CONVERSION = YES;
				CLANG_WARN_INFINITE_RECURSION = YES;
				CLANG_WARN_INT_CONVERSION = YES;
				CLANG_WARN_NON_LITERAL_NULL_CONVERSION = YES;
				CLANG_WARN_OBJC_IMPLICIT_RETAIN_SELF = YES;
				CLANG_WARN_OBJC_LITERAL_CONVERSION = YES;
				CLANG_WARN_OBJC_ROOT_CLASS = YES_ERROR;
				CLANG_WARN_QUOTED_INCLUDE_IN_FRAMEWORK_HEADER = YES;
				CLANG_WARN_RANGE_LOOP_ANALYSIS = YES;
				CLANG_WARN_STRICT_PROTOTYPES = YES;
				CLANG_WARN_SUSPICIOUS_MOVE = YES;
				CLANG_WARN_UNGUARDED_AVAILABILITY = YES_AGGRESSIVE;
				CLANG_WARN_UNREACHABLE_CODE = YES;
				CLANG_WARN__DUPLICATE_METHOD_MATCH = YES;
				COPY_PHASE_STRIP = NO;
				DEBUG_INFORMATION_FORMAT = "dwarf-with-dsym";
				ENABLE_NS_ASSERTIONS = NO;
				ENABLE_STRICT_OBJC_MSGSEND = YES;
				GCC_C_LANGUAGE_STANDARD = gnu11;
				GCC_NO_COMMON_BLOCKS = YES;
				GCC_WARN_64_TO_32_BIT_CONVERSION = YES;
				GCC_WARN_ABOUT_RETURN_TYPE = YES_ERROR;
				GCC_WARN_UNDECLARED_SELECTOR = YES;
				GCC_WARN_UNINITIALIZED_AUTOS = YES_AGGRESSIVE;
				GCC_WARN_UNUSED_FUNCTION = YES;
				GCC_WARN_UNUSED_VARIABLE = YES;
				IPHONEOS_DEPLOYMENT_TARGET = 13.6;
				MTL_ENABLE_DEBUG_INFO = NO;
				MTL_FAST_MATH = YES;
				SDKROOT = iphoneos;
				SWIFT_COMPILATION_MODE = wholemodule;
				SWIFT_OPTIMIZATION_LEVEL = "-O";
				VALIDATE_PRODUCT = YES;
			};
			name = Release;
		};
		E70CAE212501128100D5A8B9 /* Debug */ = {
			isa = XCBuildConfiguration;
			buildSettings = {
				ASSETCATALOG_COMPILER_APPICON_NAME = AppIcon;
				CODE_SIGN_IDENTITY = "Apple Development";
				CODE_SIGN_STYLE = Automatic;
				DEVELOPMENT_TEAM = SXRZ8F7ANN;
				INFOPLIST_FILE = ThordonApp/Info.plist;
				LD_RUNPATH_SEARCH_PATHS = (
					"$(inherited)",
					"@executable_path/Frameworks",
				);
				PRODUCT_BUNDLE_IDENTIFIER = KM.ThordonApp;
				PRODUCT_NAME = "$(TARGET_NAME)";
				PROVISIONING_PROFILE_SPECIFIER = "";
				SWIFT_VERSION = 5.0;
				TARGETED_DEVICE_FAMILY = "1,2";
			};
			name = Debug;
		};
		E70CAE222501128100D5A8B9 /* Release */ = {
			isa = XCBuildConfiguration;
			buildSettings = {
				ASSETCATALOG_COMPILER_APPICON_NAME = AppIcon;
				CODE_SIGN_IDENTITY = "Apple Development";
				CODE_SIGN_STYLE = Automatic;
				DEVELOPMENT_TEAM = SXRZ8F7ANN;
				INFOPLIST_FILE = ThordonApp/Info.plist;
				LD_RUNPATH_SEARCH_PATHS = (
					"$(inherited)",
					"@executable_path/Frameworks",
				);
				PRODUCT_BUNDLE_IDENTIFIER = KM.ThordonApp;
				PRODUCT_NAME = "$(TARGET_NAME)";
				PROVISIONING_PROFILE_SPECIFIER = "";
				SWIFT_VERSION = 5.0;
				TARGETED_DEVICE_FAMILY = "1,2";
			};
			name = Release;
		};
/* End XCBuildConfiguration section */

/* Begin XCConfigurationList section */
		E70CAE042501127E00D5A8B9 /* Build configuration list for PBXProject "ThordonApp" */ = {
			isa = XCConfigurationList;
			buildConfigurations = (
				E70CAE1E2501128100D5A8B9 /* Debug */,
				E70CAE1F2501128100D5A8B9 /* Release */,
			);
			defaultConfigurationIsVisible = 0;
			defaultConfigurationName = Release;
		};
		E70CAE202501128100D5A8B9 /* Build configuration list for PBXNativeTarget "ThordonApp" */ = {
			isa = XCConfigurationList;
			buildConfigurations = (
				E70CAE212501128100D5A8B9 /* Debug */,
				E70CAE222501128100D5A8B9 /* Release */,
			);
			defaultConfigurationIsVisible = 0;
			defaultConfigurationName = Release;
		};
/* End XCConfigurationList section */

/* Begin XCRemoteSwiftPackageReference section */
		E74AC55A2516175C00F280FD /* XCRemoteSwiftPackageReference "BlueSocket" */ = {
			isa = XCRemoteSwiftPackageReference;
			repositoryURL = "https://github.com/Kitura/BlueSocket";
			requirement = {
				kind = upToNextMajorVersion;
				minimumVersion = 1.0.52;
			};
		};
/* End XCRemoteSwiftPackageReference section */

/* Begin XCSwiftPackageProductDependency section */
		E74AC55B2516175C00F280FD /* Socket */ = {
			isa = XCSwiftPackageProductDependency;
			package = E74AC55A2516175C00F280FD /* XCRemoteSwiftPackageReference "BlueSocket" */;
			productName = Socket;
		};
/* End XCSwiftPackageProductDependency section */

/* Begin XCVersionGroup section */
		E70CAE152501127E00D5A8B9 /* ThordonApp.xcdatamodeld */ = {
			isa = XCVersionGroup;
			children = (
				E70CAE162501127E00D5A8B9 /* ThordonApp.xcdatamodel */,
			);
			currentVersion = E70CAE162501127E00D5A8B9 /* ThordonApp.xcdatamodel */;
			path = ThordonApp.xcdatamodeld;
			sourceTree = "<group>";
			versionGroupType = wrapper.xcdatamodel;
		};
/* End XCVersionGroup section */
	};
	rootObject = E70CAE012501127E00D5A8B9 /* Project object */;
}
